Microsoft Visual Studio Solution File, Format Version 12.00
# Visual Studio 2012
Project("{FAE04EC0-301F-11D3-BF4B-00C04F79EFBC}") = "Learning Godot", "Learning Godot.csproj", "{59F37C28-BE37-41A4-A113-65EA82A04D44}"
EndProject
Global
	GlobalSection(SolutionConfigurationPlatforms) = preSolution
	Debug|Any CPU = Debug|Any CPU
	ExportDebug|Any CPU = ExportDebug|Any CPU
	ExportRelease|Any CPU = ExportRelease|Any CPU
	EndGlobalSection
	GlobalSection(ProjectConfigurationPlatforms) = postSolution
		{59F37C28-BE37-41A4-A113-65EA82A04D44}.Debug|Any CPU.ActiveCfg = Debug|Any CPU
		{59F37C28-BE37-41A4-A113-65EA82A04D44}.Debug|Any CPU.Build.0 = Debug|Any CPU
		{59F37C28-BE37-41A4-A113-65EA82A04D44}.ExportDebug|Any CPU.ActiveCfg = ExportDebug|Any CPU
		{59F37C28-BE37-41A4-A113-65EA82A04D44}.ExportDebug|Any CPU.Build.0 = ExportDebug|Any CPU
		{59F37C28-BE37-41A4-A113-65EA82A04D44}.ExportRelease|Any CPU.ActiveCfg = ExportRelease|Any CPU
		{59F37C28-BE37-41A4-A113-65EA82A04D44}.ExportRelease|Any CPU.Build.0 = ExportRelease|Any CPU
	EndGlobalSection
EndGlobal
